
Microsoft Visual Studio Solution File, Format Version 12.00
# Visual Studio 15
VisualStudioVersion = 15.0.28307.421
MinimumVisualStudioVersion = 10.0.40219.1
Project("{FAE04EC0-301F-11D3-BF4B-00C04F79EFBC}") = "GendeneCatCare", "GendeneCatCare\GendeneCatCare.csproj", "{69202FF8-01F2-4133-B5D6-293AFA687642}"
EndProject
Global
	GlobalSection(SolutionConfigurationPlatforms) = preSolution
		Debug|Any CPU = Debug|Any CPU
		Release|Any CPU = Release|Any CPU
	EndGlobalSection
	GlobalSection(ProjectConfigurationPlatforms) = postSolution
		{69202FF8-01F2-4133-B5D6-293AFA687642}.Debug|Any CPU.ActiveCfg = Debug|Any CPU
		{69202FF8-01F2-4133-B5D6-293AFA687642}.Debug|Any CPU.Build.0 = Debug|Any CPU
		{69202FF8-01F2-4133-B5D6-293AFA687642}.Release|Any CPU.ActiveCfg = Release|Any CPU
		{69202FF8-01F2-4133-B5D6-293AFA687642}.Release|Any CPU.Build.0 = Release|Any CPU
	EndGlobalSection
	GlobalSection(SolutionProperties) = preSolution
		HideSolutionNode = FALSE
	EndGlobalSection
	GlobalSection(ExtensibilityGlobals) = postSolution
		SolutionGuid = {D35970CE-F8C9-4761-85C8-DF1DDF0245BA}
	EndGlobalSection
EndGlobal
